github.com/gonyyi/aface v0.0.2 h1:JaHSsnHT3j+huql+hE3sONMgyaZQNd0nZExZLXzjDmA=
github.com/gonyyi/aface v0.0.2/go.mod h1:qIQDfiDavbJaMGmfcmVhJj16queDCCzaH/Yoy0t0tHY=
github.com/gonyyi/alog v0.2.0 h1:696lO8mUlVEHeX7dm7gxx5ySZ4N9aLo6IBYZ57x1qxQ=
github.com/gonyyi/alog v0.2.0/go.mod h1:SkFUZ5iiFs2FA1E5RgDXQNOWOhxqsK2sU2FVgRNP7mM=
github.com/gonyyi/graceful v0.0.1 h1:lSg5ZyyLH1qHBfxgDgWg6A2JN+dAXx9kUZmr0BM7IbM=
github.com/gonyyi/graceful v0.0.1/go.mod h1:brvStqSRVZ28TKZdfBC60ydVQ1KvAchLE2s6WKU6k1w=
